<?xml version="1.0" encoding="utf-8"?>
<Project ToolsVersion="4.0" xmlns="http://schemas.microsoft.com/developer/msbuild/2003">
  <ItemGroup>
    <Filter Include="Source Files">
      <UniqueIdentifier>{4FC737F1-C7A5-4376-A066-2A32D752A2FF}</UniqueIdentifier>
      <Extensions>qml;cpp;c;cc;cxx;def;odl;idl;hpj;bat;asm;asmx</Extensions>
    </Filter>
    <Filter Include="Header Files">
      <UniqueIdentifier>{93995380-89BD-4b04-88EB-625FBE52EBFB}</UniqueIdentifier>
      <Extensions>h;hh;hpp;hxx;hm;inl;inc;xsd</Extensions>
    </Filter>
    <Filter Include="Resource Files">
      <UniqueIdentifier>{67DA6AB6-F800-4c08-8B7A-83BB121AAD01}</UniqueIdentifier>
      <Extensions>qrc;rc;ico;cur;bmp;dlg;rc2;rct;bin;rgs;gif;jpg;jpeg;jpe;resx;tiff;tif;png;wav;mfcribbon-ms</Extensions>
    </Filter>
    <Filter Include="Form Files">
      <UniqueIdentifier>{99349809-55BA-4b9d-BF79-8FDBB0286EB3}</UniqueIdentifier>
      <Extensions>ui</Extensions>
    </Filter>
    <Filter Include="Translation Files">
      <UniqueIdentifier>{639EADAA-A684-42e4-A9AD-28FC9BCB8F7C}</UniqueIdentifier>
      <Extensions>ts</Extensions>
    </Filter>
    <Filter Include="MMDataModule">
      <UniqueIdentifier>{a6987ab5-a238-4a36-a3f2-ce0bfe57c52f}</UniqueIdentifier>
    </Filter>
    <Filter Include="MMDataModule\include">
      <UniqueIdentifier>{eb97a260-2944-42b5-8376-3db1bc2cd50b}</UniqueIdentifier>
    </Filter>
    <Filter Include="MMDataModule\src">
      <UniqueIdentifier>{dec9a215-53d6-403f-af74-1c473c7f2bc6}</UniqueIdentifier>
    </Filter>
    <Filter Include="MMFactoryModule">
      <UniqueIdentifier>{114904c0-7546-4511-b733-ca8f5823d21a}</UniqueIdentifier>
    </Filter>
    <Filter Include="MMFactoryModule\include">
      <UniqueIdentifier>{6017018f-4eb7-442f-bce5-c9bed5a437a2}</UniqueIdentifier>
    </Filter>
    <Filter Include="MMFactoryModule\src">
      <UniqueIdentifier>{03b0ee5e-cc79-4d96-80d2-afd7f1da16c9}</UniqueIdentifier>
    </Filter>
    <Filter Include="MMGlobalModule">
      <UniqueIdentifier>{c997832b-ea33-4519-920c-e0791f390dbd}</UniqueIdentifier>
    </Filter>
    <Filter Include="MMGlobalModule\include">
      <UniqueIdentifier>{1ca6dd91-a4b4-4e12-8279-0e2c82cf492b}</UniqueIdentifier>
    </Filter>
    <Filter Include="MMGlobalModule\src">
      <UniqueIdentifier>{693c3a23-d172-4a61-bd8e-8d246b71c0b2}</UniqueIdentifier>
    </Filter>
    <Filter Include="MMNetworkModule">
      <UniqueIdentifier>{bd7f230b-3e37-45ca-9f40-3977e19e28a0}</UniqueIdentifier>
    </Filter>
    <Filter Include="MMNetworkModule\include">
      <UniqueIdentifier>{b0f18ea0-4b6e-4f0e-be3d-45a8c05e1db0}</UniqueIdentifier>
    </Filter>
    <Filter Include="MMNetworkModule\src">
      <UniqueIdentifier>{4e97aa83-39a0-42c1-bb2c-1484f590ef2f}</UniqueIdentifier>
    </Filter>
    <Filter Include="MMUiModule">
      <UniqueIdentifier>{16a2f4fb-d9fe-4081-8dd0-65d1c0d32afe}</UniqueIdentifier>
    </Filter>
    <Filter Include="MMUiModule\MMBaseUI">
      <UniqueIdentifier>{d9ad77d3-022d-4df9-a472-05f1e07b209a}</UniqueIdentifier>
    </Filter>
    <Filter Include="MMUiModule\MMButtonSet">
      <UniqueIdentifier>{664caf28-9c4d-4186-9734-fc5af1ed739e}</UniqueIdentifier>
    </Filter>
    <Filter Include="MMUiModule\MMCommonUI">
      <UniqueIdentifier>{d95f83c8-077f-404c-b5bf-4fc9411d0e0f}</UniqueIdentifier>
    </Filter>
    <Filter Include="MMUiModule\MMLoginUI">
      <UniqueIdentifier>{12e4168d-6b1d-4cb0-a242-f1610facab7f}</UniqueIdentifier>
    </Filter>
    <Filter Include="MMUiModule\MMMainUI">
      <UniqueIdentifier>{244b3359-b7a5-465e-8dbe-d3e61eaeb4f2}</UniqueIdentifier>
    </Filter>
  </ItemGroup>
  <ItemGroup>
    <QtRcc Include="..\..\MelodicMessages\resource\resource.qrc">
      <Filter>Resource Files</Filter>
    </QtRcc>
  </ItemGroup>
  <ItemGroup>
    <ClInclude Include="..\..\..\MMCommon\include\MMProtocol.h">
      <Filter>Header Files</Filter>
    </ClInclude>
    <ClInclude Include="..\..\MelodicMessages\mmcommon.h">
      <Filter>Header Files</Filter>
    </ClInclude>
    <ClInclude Include="..\..\MelodicMessages\src\MMDataModule\MMBaseData.h">
      <Filter>MMDataModule\include</Filter>
    </ClInclude>
    <ClInclude Include="..\..\MelodicMessages\src\MMDataModule\MMBaseDataJson.h">
      <Filter>MMDataModule\include</Filter>
    </ClInclude>
    <ClInclude Include="..\..\MelodicMessages\src\MMDataModule\mmlogindata.h">
      <Filter>MMDataModule\include</Filter>
    </ClInclude>
    <ClInclude Include="..\..\MelodicMessages\src\MMDataModule\MMOtherData.h">
      <Filter>MMDataModule\include</Filter>
    </ClInclude>
    <ClInclude Include="..\..\MelodicMessages\src\MMFactoryModule\MMDataFactory\mmdatafacotry.h">
      <Filter>MMFactoryModule\include</Filter>
    </ClInclude>
    <ClInclude Include="..\..\MelodicMessages\src\MMGlobalModule\MMInstance\mmconfiguration.h">
      <Filter>MMGlobalModule\include</Filter>
    </ClInclude>
    <ClInclude Include="..\..\MelodicMessages\src\MMUiModule\MMCommonUI\mmpushbutton.h">
      <Filter>MMUiModule\MMCommonUI</Filter>
    </ClInclude>
    <ClInclude Include="..\..\MelodicMessages\src\MMGlobalModule\MMDistroySystem\mmdistroysystem.h">
      <Filter>MMGlobalModule\include</Filter>
    </ClInclude>
  </ItemGroup>
  <ItemGroup>
    <ClCompile Include="..\..\MelodicMessages\main.cpp">
      <Filter>Source Files</Filter>
    </ClCompile>
    <ClCompile Include="..\..\MelodicMessages\mmclient.cpp">
      <Filter>Source Files</Filter>
    </ClCompile>
    <ClCompile Include="..\..\MelodicMessages\mmcommon.cpp">
      <Filter>Source Files</Filter>
    </ClCompile>
    <ClCompile Include="..\..\MelodicMessages\mmuimanager.cpp">
      <Filter>Source Files</Filter>
    </ClCompile>
    <ClCompile Include="..\..\MelodicMessages\src\MMDataModule\MMBaseDataJson.cpp">
      <Filter>MMDataModule\src</Filter>
    </ClCompile>
    <ClCompile Include="..\..\MelodicMessages\src\MMDataModule\mmlogindata.cpp">
      <Filter>MMDataModule\src</Filter>
    </ClCompile>
    <ClCompile Include="..\..\MelodicMessages\src\MMDataModule\MMOtherData.cpp">
      <Filter>MMDataModule\src</Filter>
    </ClCompile>
    <ClCompile Include="..\..\MelodicMessages\src\MMFactoryModule\MMDataFactory\mmdatafacotry.cpp">
      <Filter>MMFactoryModule\src</Filter>
    </ClCompile>
    <ClCompile Include="..\..\MelodicMessages\src\MMGlobalModule\MMSystemGlobal\mmsystemglobal.cpp">
      <Filter>MMGlobalModule\src</Filter>
    </ClCompile>
    <ClCompile Include="..\..\MelodicMessages\src\MMGlobalModule\MMInstance\mmconfiguration.cpp">
      <Filter>MMGlobalModule\src</Filter>
    </ClCompile>
    <ClCompile Include="..\..\MelodicMessages\src\MMGlobalModule\MMInstance\mmdatamanager.cpp">
      <Filter>MMGlobalModule\src</Filter>
    </ClCompile>
    <ClCompile Include="..\..\MelodicMessages\src\MMGlobalModule\MMInstance\mmmessagerelay.cpp">
      <Filter>MMGlobalModule\src</Filter>
    </ClCompile>
    <ClCompile Include="..\..\MelodicMessages\src\MMNetworkModule\MMNetwork\mmclientnetwork.cpp">
      <Filter>MMNetworkModule\src</Filter>
    </ClCompile>
    <ClCompile Include="..\..\MelodicMessages\src\MMNetworkModule\MMBaseNetwork\mmbasenetwork.cpp">
      <Filter>MMNetworkModule\src</Filter>
    </ClCompile>
    <ClCompile Include="..\..\MelodicMessages\src\MMUiModule\MMBaseUI\mmbasebutton.cpp">
      <Filter>MMUiModule\MMBaseUI</Filter>
    </ClCompile>
    <ClCompile Include="..\..\MelodicMessages\src\MMUiModule\MMButtonSet\mmbuttonset.cpp">
      <Filter>MMUiModule\MMButtonSet</Filter>
    </ClCompile>
    <ClCompile Include="..\..\MelodicMessages\src\MMUiModule\MMCommonUI\mmpushbutton.cpp">
      <Filter>MMUiModule\MMCommonUI</Filter>
    </ClCompile>
    <ClCompile Include="..\..\MelodicMessages\src\MMUiModule\MMLoginUI\mmaccountloginui.cpp">
      <Filter>MMUiModule\MMLoginUI</Filter>
    </ClCompile>
    <ClCompile Include="..\..\MelodicMessages\src\MMUiModule\MMLoginUI\mmloginui.cpp">
      <Filter>MMUiModule\MMLoginUI</Filter>
    </ClCompile>
    <ClCompile Include="..\..\MelodicMessages\src\MMUiModule\MMMainUI\mmmainui.cpp">
      <Filter>MMUiModule\MMMainUI</Filter>
    </ClCompile>
    <ClCompile Include="..\..\MelodicMessages\src\MMGlobalModule\MMDistroySystem\mmdistroysystem.cpp">
      <Filter>MMGlobalModule\src</Filter>
    </ClCompile>
  </ItemGroup>
  <ItemGroup>
    <QtMoc Include="..\..\MelodicMessages\mmclient.h">
      <Filter>Header Files</Filter>
    </QtMoc>
    <QtMoc Include="..\..\MelodicMessages\mmuimanager.h">
      <Filter>Header Files</Filter>
    </QtMoc>
    <QtMoc Include="..\..\MelodicMessages\src\MMGlobalModule\MMSystemGlobal\mmsystemglobal.h">
      <Filter>MMGlobalModule\include</Filter>
    </QtMoc>
    <QtMoc Include="..\..\MelodicMessages\src\MMGlobalModule\MMInstance\mmdatamanager.h">
      <Filter>MMGlobalModule\include</Filter>
    </QtMoc>
    <QtMoc Include="..\..\MelodicMessages\src\MMGlobalModule\MMInstance\mmmessagerelay.h">
      <Filter>MMGlobalModule\include</Filter>
    </QtMoc>
    <QtMoc Include="..\..\MelodicMessages\src\MMNetworkModule\MMNetwork\mmclientnetwork.h">
      <Filter>MMNetworkModule\include</Filter>
    </QtMoc>
    <QtMoc Include="..\..\MelodicMessages\src\MMNetworkModule\MMBaseNetwork\mmbasenetwork.h">
      <Filter>MMNetworkModule\include</Filter>
    </QtMoc>
    <QtMoc Include="..\..\MelodicMessages\src\MMUiModule\MMBaseUI\mmbasebutton.h">
      <Filter>MMUiModule\MMBaseUI</Filter>
    </QtMoc>
    <QtMoc Include="..\..\MelodicMessages\src\MMUiModule\MMButtonSet\mmbuttonset.h">
      <Filter>MMUiModule\MMButtonSet</Filter>
    </QtMoc>
    <QtMoc Include="..\..\MelodicMessages\src\MMUiModule\MMLoginUI\mmaccountloginui.h">
      <Filter>MMUiModule\MMLoginUI</Filter>
    </QtMoc>
    <QtMoc Include="..\..\MelodicMessages\src\MMUiModule\MMLoginUI\mmloginui.h">
      <Filter>MMUiModule\MMLoginUI</Filter>
    </QtMoc>
    <QtMoc Include="..\..\MelodicMessages\src\MMUiModule\MMMainUI\mmmainui.h">
      <Filter>MMUiModule\MMMainUI</Filter>
    </QtMoc>
  </ItemGroup>
  <ItemGroup>
    <QtUic Include="..\..\MelodicMessages\mmclient.ui">
      <Filter>Form Files</Filter>
    </QtUic>
    <QtUic Include="..\..\MelodicMessages\src\MMUiModule\MMButtonSet\mmbuttonset.ui">
      <Filter>MMUiModule\MMButtonSet</Filter>
    </QtUic>
    <QtUic Include="..\..\MelodicMessages\src\MMUiModule\MMLoginUI\mmaccountloginui.ui">
      <Filter>MMUiModule\MMLoginUI</Filter>
    </QtUic>
    <QtUic Include="..\..\MelodicMessages\src\MMUiModule\MMLoginUI\mmloginui.ui">
      <Filter>MMUiModule\MMLoginUI</Filter>
    </QtUic>
    <QtUic Include="..\..\MelodicMessages\src\MMUiModule\MMMainUI\mmmainui.ui">
      <Filter>MMUiModule\MMMainUI</Filter>
    </QtUic>
  </ItemGroup>
</Project>